// !$*UTF8*$!
{
	archiveVersion = 1;
	classes = {
	};
	objectVersion = 50;
	objects = {

/* Begin PBXBuildFile section */
		552F5D0E20D9696F00A7B050 /* fbMessenger.xcdatamodeld in Sources */ = {isa = PBXBuildFile; fileRef = 552F5D0C20D9696F00A7B050 /* fbMessenger.xcdatamodeld */; };
		553B075C20CB716C00146D43 /* AppDelegate.swift in Sources */ = {isa = PBXBuildFile; fileRef = 553B075B20CB716C00146D43 /* AppDelegate.swift */; };
		553B075E20CB716C00146D43 /* FriendsController.swift in Sources */ = {isa = PBXBuildFile; fileRef = 553B075D20CB716C00146D43 /* FriendsController.swift */; };
		553B076620CB716C00146D43 /* Assets.xcassets in Resources */ = {isa = PBXBuildFile; fileRef = 553B076520CB716C00146D43 /* Assets.xcassets */; };
		553B076920CB716C00146D43 /* LaunchScreen.storyboard in Resources */ = {isa = PBXBuildFile; fileRef = 553B076720CB716C00146D43 /* LaunchScreen.storyboard */; };
		553B077120CB876800146D43 /* FriendsControlletHelper.swift in Sources */ = {isa = PBXBuildFile; fileRef = 553B077020CB876800146D43 /* FriendsControlletHelper.swift */; };
		55454A0F20CF3FFB00D9273C /* ChatLogController.swift in Sources */ = {isa = PBXBuildFile; fileRef = 55454A0E20CF3FFB00D9273C /* ChatLogController.swift */; };
		55600EE720D2E0BF00E86A06 /* CustomTabBarController.swift in Sources */ = {isa = PBXBuildFile; fileRef = 55600EE620D2E0BF00E86A06 /* CustomTabBarController.swift */; };
/* End PBXBuildFile section */

/* Begin PBXFileReference section */
		552F5D0D20D9696F00A7B050 /* fbMessenger.xcdatamodel */ = {isa = PBXFileReference; lastKnownFileType = wrapper.xcdatamodel; path = fbMessenger.xcdatamodel; sourceTree = "<group>"; };
		553B075820CB716C00146D43 /* fbMessenger.app */ = {isa = PBXFileReference; explicitFileType = wrapper.application; includeInIndex = 0; path = fbMessenger.app; sourceTree = BUILT_PRODUCTS_DIR; };
		553B075B20CB716C00146D43 /* AppDelegate.swift */ = {isa = PBXFileReference; lastKnownFileType = sourcecode.swift; path = AppDelegate.swift; sourceTree = "<group>"; };
		553B075D20CB716C00146D43 /* FriendsController.swift */ = {isa = PBXFileReference; lastKnownFileType = sourcecode.swift; path = FriendsController.swift; sourceTree = "<group>"; };
		553B076520CB716C00146D43 /* Assets.xcassets */ = {isa = PBXFileReference; lastKnownFileType = folder.assetcatalog; path = Assets.xcassets; sourceTree = "<group>"; };
		553B076820CB716C00146D43 /* Base */ = {isa = PBXFileReference; lastKnownFileType = file.storyboard; name = Base; path = Base.lproj/LaunchScreen.storyboard; sourceTree = "<group>"; };
		553B076A20CB716C00146D43 /* Info.plist */ = {isa = PBXFileReference; lastKnownFileType = text.plist.xml; path = Info.plist; sourceTree = "<group>"; };
		553B077020CB876800146D43 /* FriendsControlletHelper.swift */ = {isa = PBXFileReference; lastKnownFileType = sourcecode.swift; path = FriendsControlletHelper.swift; sourceTree = "<group>"; };
		55454A0E20CF3FFB00D9273C /* ChatLogController.swift */ = {isa = PBXFileReference; lastKnownFileType = sourcecode.swift; path = ChatLogController.swift; sourceTree = "<group>"; };
		55600EE620D2E0BF00E86A06 /* CustomTabBarController.swift */ = {isa = PBXFileReference; lastKnownFileType = sourcecode.swift; path = CustomTabBarController.swift; sourceTree = "<group>"; };
/* End PBXFileReference section */

/* Begin PBXFrameworksBuildPhase section */
		553B075520CB716C00146D43 /* Frameworks */ = {
			isa = PBXFrameworksBuildPhase;
			buildActionMask = 2147483647;
			files = (
			);
			runOnlyForDeploymentPostprocessing = 0;
		};
/* End PBXFrameworksBuildPhase section */

/* Begin PBXGroup section */
		553B074F20CB716C00146D43 = {
			isa = PBXGroup;
			children = (
				553B075A20CB716C00146D43 /* fbMessenger */,
				553B075920CB716C00146D43 /* Products */,
			);
			sourceTree = "<group>";
		};
		553B075920CB716C00146D43 /* Products */ = {
			isa = PBXGroup;
			children = (
				553B075820CB716C00146D43 /* fbMessenger.app */,
			);
			name = Products;
			sourceTree = "<group>";
		};
		553B075A20CB716C00146D43 /* fbMessenger */ = {
			isa = PBXGroup;
			children = (
				553B075B20CB716C00146D43 /* AppDelegate.swift */,
				553B075D20CB716C00146D43 /* FriendsController.swift */,
				553B077020CB876800146D43 /* FriendsControlletHelper.swift */,
				553B076720CB716C00146D43 /* LaunchScreen.storyboard */,
				553B076A20CB716C00146D43 /* Info.plist */,
				552F5D0C20D9696F00A7B050 /* fbMessenger.xcdatamodeld */,
				55454A0E20CF3FFB00D9273C /* ChatLogController.swift */,
				55600EE620D2E0BF00E86A06 /* CustomTabBarController.swift */,
				553B076520CB716C00146D43 /* Assets.xcassets */,
			);
			path = fbMessenger;
			sourceTree = "<group>";
		};
/* End PBXGroup section */

/* Begin PBXNativeTarget section */
		553B075720CB716C00146D43 /* fbMessenger */ = {
			isa = PBXNativeTarget;
			buildConfigurationList = 553B076D20CB716C00146D43 /* Build configuration list for PBXNativeTarget "fbMessenger" */;
			buildPhases = (
				553B075420CB716C00146D43 /* Sources */,
				553B075520CB716C00146D43 /* Frameworks */,
				553B075620CB716C00146D43 /* Resources */,
			);
			buildRules = (
			);
			dependencies = (
			);
			name = fbMessenger;
			productName = followAlong;
			productReference = 553B075820CB716C00146D43 /* fbMessenger.app */;
			productType = "com.apple.product-type.application";
		};
/* End PBXNativeTarget section */

/* Begin PBXProject section */
		553B075020CB716C00146D43 /* Project object */ = {
			isa = PBXProject;
			attributes = {
				LastSwiftUpdateCheck = 0940;
				LastUpgradeCheck = 0940;
				ORGANIZATIONNAME = "Stephen Bassett";
				TargetAttributes = {
					553B075720CB716C00146D43 = {
						CreatedOnToolsVersion = 9.4;
					};
				};
			};
			buildConfigurationList = 553B075320CB716C00146D43 /* Build configuration list for PBXProject "fbMessenger" */;
			compatibilityVersion = "Xcode 9.3";
			developmentRegion = en;
			hasScannedForEncodings = 0;
			knownRegions = (
				en,
				Base,
			);
			mainGroup = 553B074F20CB716C00146D43;
			productRefGroup = 553B075920CB716C00146D43 /* Products */;
			projectDirPath = "";
			projectRoot = "";
			targets = (
				553B075720CB716C00146D43 /* fbMessenger */,
			);
		};
/* End PBXProject section */

/* Begin PBXResourcesBuildPhase section */
		553B075620CB716C00146D43 /* Resources */ = {
			isa = PBXResourcesBuildPhase;
			buildActionMask = 2147483647;
			files = (
				553B076920CB716C00146D43 /* LaunchScreen.storyboard in Resources */,
				553B076620CB716C00146D43 /* Assets.xcassets in Resources */,
			);
			runOnlyForDeploymentPostprocessing = 0;
		};
/* End PBXResourcesBuildPhase section */

/* Begin PBXSourcesBuildPhase section */
		553B075420CB716C00146D43 /* Sources */ = {
			isa = PBXSourcesBuildPhase;
			buildActionMask = 2147483647;
			files = (
				55454A0F20CF3FFB00D9273C /* ChatLogController.swift in Sources */,
				552F5D0E20D9696F00A7B050 /* fbMessenger.xcdatamodeld in Sources */,
				55600EE720D2E0BF00E86A06 /* CustomTabBarController.swift in Sources */,
				553B077120CB876800146D43 /* FriendsControlletHelper.swift in Sources */,
				553B075E20CB716C00146D43 /* FriendsController.swift in Sources */,
				553B075C20CB716C00146D43 /* AppDelegate.swift in Sources */,
			);
			runOnlyForDeploymentPostprocessing = 0;
		};
/* End PBXSourcesBuildPhase section */

/* Begin PBXVariantGroup section */
		553B076720CB716C00146D43 /* LaunchScreen.storyboard */ = {
			isa = PBXVariantGroup;
			children = (
				553B076820CB716C00146D43 /* Base */,
			);
			name = LaunchScreen.storyboard;
			sourceTree = "<group>";
		};
/* End PBXVariantGroup section */

/* Begin XCBuildConfiguration section */
		553B076B20CB716C00146D43 /* Debug */ = {
			isa = XCBuildConfiguration;
			buildSettings = {
				ALWAYS_SEARCH_USER_PATHS = NO;
				CLANG_ANALYZER_NONNULL = YES;
				CLANG_ANALYZER_NUMBER_OBJECT_CONVERSION = YES_AGGRESSIVE;
				CLANG_CXX_LANGUAGE_STANDARD = "gnu++14";
				CLANG_CXX_LIBRARY = "libc++";
				CLANG_ENABLE_MODULES = YES;
				CLANG_ENABLE_OBJC_ARC = YES;
				CLANG_ENABLE_OBJC_WEAK = YES;
				CLANG_WARN_BLOCK_CAPTURE_AUTORELEASING = YES;
				CLANG_WARN_BOOL_CONVERSION = YES;
				CLANG_WARN_COMMA = YES;
				CLANG_WARN_CONSTANT_CONVERSION = YES;
				CLANG_WARN_DEPRECATED_OBJC_IMPLEMENTATIONS = YES;
				CLANG_WARN_DIRECT_OBJC_ISA_USAGE = YES_ERROR;
				CLANG_WARN_DOCUMENTATION_COMMENTS = YES;
				CLANG_WARN_EMPTY_BODY = YES;
				CLANG_WARN_ENUM_CONVERSION = YES;
				CLANG_WARN_INFINITE_RECURSION = YES;
				CLANG_WARN_INT_CONVERSION = YES;
				CLANG_WARN_NON_LITERAL_NULL_CONVERSION = YES;
				CLANG_WARN_OBJC_IMPLICIT_RETAIN_SELF = YES;
				CLANG_WARN_OBJC_LITERAL_CONVERSION = YES;
				CLANG_WARN_OBJC_ROOT_CLASS = YES_ERROR;
				CLANG_WARN_RANGE_LOOP_ANALYSIS = YES;
				CLANG_WARN_STRICT_PROTOTYPES = YES;
				CLANG_WARN_SUSPICIOUS_MOVE = YES;
				CLANG_WARN_UNGUARDED_AVAILABILITY = YES_AGGRESSIVE;
				CLANG_WARN_UNREACHABLE_CODE = YES;
				CLANG_WARN__DUPLICATE_METHOD_MATCH = YES;
				CODE_SIGN_IDENTITY = "iPhone Developer";
				COPY_PHASE_STRIP = NO;
				DEBUG_INFORMATION_FORMAT = dwarf;
				ENABLE_STRICT_OBJC_MSGSEND = YES;
				ENABLE_TESTABILITY = YES;
				GCC_C_LANGUAGE_STANDARD = gnu11;
				GCC_DYNAMIC_NO_PIC = NO;
				GCC_NO_COMMON_BLOCKS = YES;
				GCC_OPTIMIZATION_LEVEL = 0;
				GCC_PREPROCESSOR_DEFINITIONS = (
					"DEBUG=1",
					"$(inherited)",
				);
				GCC_WARN_64_TO_32_BIT_CONVERSION = YES;
				GCC_WARN_ABOUT_RETURN_TYPE = YES_ERROR;
				GCC_WARN_UNDECLARED_SELECTOR = YES;
				GCC_WARN_UNINITIALIZED_AUTOS = YES_AGGRESSIVE;
				GCC_WARN_UNUSED_FUNCTION = YES;
				GCC_WARN_UNUSED_VARIABLE = YES;
				IPHONEOS_DEPLOYMENT_TARGET = 11.4;
				MTL_ENABLE_DEBUG_INFO = YES;
				ONLY_ACTIVE_ARCH = YES;
				SDKROOT = iphoneos;
				SWIFT_ACTIVE_COMPILATION_CONDITIONS = DEBUG;
				SWIFT_OPTIMIZATION_LEVEL = "-Onone";
			};
			name = Debug;
		};
		553B076C20CB716C00146D43 /* Release */ = {
			isa = XCBuildConfiguration;
			buildSettings = {
				ALWAYS_SEARCH_USER_PATHS = NO;
				CLANG_ANALYZER_NONNULL = YES;
				CLANG_ANALYZER_NUMBER_OBJECT_CONVERSION = YES_AGGRESSIVE;
				CLANG_CXX_LANGUAGE_STANDARD = "gnu++14";
				CLANG_CXX_LIBRARY = "libc++";
				CLANG_ENABLE_MODULES = YES;
				CLANG_ENABLE_OBJC_ARC = YES;
				CLANG_ENABLE_OBJC_WEAK = YES;
				CLANG_WARN_BLOCK_CAPTURE_AUTORELEASING = YES;
				CLANG_WARN_BOOL_CONVERSION = YES;
				CLANG_WARN_COMMA = YES;
				CLANG_WARN_CONSTANT_CONVERSION = YES;
				CLANG_WARN_DEPRECATED_OBJC_IMPLEMENTATIONS = YES;
				CLANG_WARN_DIRECT_OBJC_ISA_USAGE = YES_ERROR;
				CLANG_WARN_DOCUMENTATION_COMMENTS = YES;
				CLANG_WARN_EMPTY_BODY = YES;
				CLANG_WARN_ENUM_CONVERSION = YES;
				CLANG_WARN_INFINITE_RECURSION = YES;
				CLANG_WARN_INT_CONVERSION = YES;
				CLANG_WARN_NON_LITERAL_NULL_CONVERSION = YES;
				CLANG_WARN_OBJC_IMPLICIT_RETAIN_SELF = YES;
				CLANG_WARN_OBJC_LITERAL_CONVERSION = YES;
				CLANG_WARN_OBJC_ROOT_CLASS = YES_ERROR;
				CLANG_WARN_RANGE_LOOP_ANALYSIS = YES;
				CLANG_WARN_STRICT_PROTOTYPES = YES;
				CLANG_WARN_SUSPICIOUS_MOVE = YES;
				CLANG_WARN_UNGUARDED_AVAILABILITY = YES_AGGRESSIVE;
				CLANG_WARN_UNREACHABLE_CODE = YES;
				CLANG_WARN__DUPLICATE_METHOD_MATCH = YES;
				CODE_SIGN_IDENTITY = "iPhone Developer";
				COPY_PHASE_STRIP = NO;
				DEBUG_INFORMATION_FORMAT = "dwarf-with-dsym";
				ENABLE_NS_ASSERTIONS = NO;
				ENABLE_STRICT_OBJC_MSGSEND = YES;
				GCC_C_LANGUAGE_STANDARD = gnu11;
				GCC_NO_COMMON_BLOCKS = YES;
				GCC_WARN_64_TO_32_BIT_CONVERSION = YES;
				GCC_WARN_ABOUT_RETURN_TYPE = YES_ERROR;
				GCC_WARN_UNDECLARED_SELECTOR = YES;
				GCC_WARN_UNINITIALIZED_AUTOS = YES_AGGRESSIVE;
				GCC_WARN_UNUSED_FUNCTION = YES;
				GCC_WARN_UNUSED_VARIABLE = YES;
				IPHONEOS_DEPLOYMENT_TARGET = 11.4;
				MTL_ENABLE_DEBUG_INFO = NO;
				SDKROOT = iphoneos;
				SWIFT_COMPILATION_MODE = wholemodule;
				SWIFT_OPTIMIZATION_LEVEL = "-O";
				VALIDATE_PRODUCT = YES;
			};
			name = Release;
		};
		553B076E20CB716C00146D43 /* Debug */ = {
			isa = XCBuildConfiguration;
			buildSettings = {
				ASSETCATALOG_COMPILER_APPICON_NAME = AppIcon;
				CODE_SIGN_STYLE = Automatic;
				DEVELOPMENT_TEAM = 4T3CJYS2MB;
				INFOPLIST_FILE = fbMessenger/Info.plist;
				LD_RUNPATH_SEARCH_PATHS = (
					"$(inherited)",
					"@executable_path/Frameworks",
				);
				PRODUCT_BUNDLE_IDENTIFIER = com.sbassett1.fbMessenger;
				PRODUCT_NAME = "$(TARGET_NAME)";
				SWIFT_VERSION = 4.0;
				TARGETED_DEVICE_FAMILY = "1,2";
			};
			name = Debug;
		};
		553B076F20CB716C00146D43 /* Release */ = {
			isa = XCBuildConfiguration;
			buildSettings = {
				ASSETCATALOG_COMPILER_APPICON_NAME = AppIcon;
				CODE_SIGN_STYLE = Automatic;
				DEVELOPMENT_TEAM = 4T3CJYS2MB;
				INFOPLIST_FILE = fbMessenger/Info.plist;
				LD_RUNPATH_SEARCH_PATHS = (
					"$(inherited)",
					"@executable_path/Frameworks",
				);
				PRODUCT_BUNDLE_IDENTIFIER = com.sbassett1.fbMessenger;
				PRODUCT_NAME = "$(TARGET_NAME)";
				SWIFT_VERSION = 4.0;
				TARGETED_DEVICE_FAMILY = "1,2";
			};
			name = Release;
		};
/* End XCBuildConfiguration section */

/* Begin XCConfigurationList section */
		553B075320CB716C00146D43 /* Build configuration list for PBXProject "fbMessenger" */ = {
			isa = XCConfigurationList;
			buildConfigurations = (
				553B076B20CB716C00146D43 /* Debug */,
				553B076C20CB716C00146D43 /* Release */,
			);
			defaultConfigurationIsVisible = 0;
			defaultConfigurationName = Release;
		};
		553B076D20CB716C00146D43 /* Build configuration list for PBXNativeTarget "fbMessenger" */ = {
			isa = XCConfigurationList;
			buildConfigurations = (
				553B076E20CB716C00146D43 /* Debug */,
				553B076F20CB716C00146D43 /* Release */,
			);
			defaultConfigurationIsVisible = 0;
			defaultConfigurationName = Release;
		};
/* End XCConfigurationList section */

/* Begin XCVersionGroup section */
		552F5D0C20D9696F00A7B050 /* fbMessenger.xcdatamodeld */ = {
			isa = XCVersionGroup;
			children = (
				552F5D0D20D9696F00A7B050 /* fbMessenger.xcdatamodel */,
			);
			currentVersion = 552F5D0D20D9696F00A7B050 /* fbMessenger.xcdatamodel */;
			path = fbMessenger.xcdatamodeld;
			sourceTree = "<group>";
			versionGroupType = wrapper.xcdatamodel;
		};
/* End XCVersionGroup section */
	};
	rootObject = 553B075020CB716C00146D43 /* Project object */;
}
